
Microsoft Visual Studio Solution File, Format Version 12.00
# Visual Studio Version 16
VisualStudioVersion = 16.0.31515.178
MinimumVisualStudioVersion = 10.0.40219.1
Project("{9A19103F-16F7-4668-BE54-9A1E7A4F7556}") = "Homework1", "Homework1\Homework1.csproj", "{FC3795F2-4AC0-44BC-8074-724AF212931A}"
EndProject
Project("{9A19103F-16F7-4668-BE54-9A1E7A4F7556}") = "Homework2", "homework2\Homework2.csproj", "{7550A006-4A06-417A-B8C3-DC77E34C8985}"
EndProject
Project("{9A19103F-16F7-4668-BE54-9A1E7A4F7556}") = "Homework3", "homework3\Homework3.csproj", "{86F9429D-FE72-4D95-BEA2-8DDDAA5231F1}"
EndProject
Project("{FAE04EC0-301F-11D3-BF4B-00C04F79EFBC}") = "CodForRefactoring", "CodForRefactoring\CodForRefactoring.csproj", "{2994E78B-C0C7-4736-A835-27A4E21F622D}"
EndProject
Project("{FAE04EC0-301F-11D3-BF4B-00C04F79EFBC}") = "HomeWork4", "HomeWork4\HomeWork4.csproj", "{FF932288-071C-44A1-A23C-BDE559AE32AE}"
EndProject
Global
	GlobalSection(SolutionConfigurationPlatforms) = preSolution
		Debug|Any CPU = Debug|Any CPU
		Release|Any CPU = Release|Any CPU
	EndGlobalSection
	GlobalSection(ProjectConfigurationPlatforms) = postSolution
		{FC3795F2-4AC0-44BC-8074-724AF212931A}.Debug|Any CPU.ActiveCfg = Debug|Any CPU
		{FC3795F2-4AC0-44BC-8074-724AF212931A}.Debug|Any CPU.Build.0 = Debug|Any CPU
		{FC3795F2-4AC0-44BC-8074-724AF212931A}.Release|Any CPU.ActiveCfg = Release|Any CPU
		{FC3795F2-4AC0-44BC-8074-724AF212931A}.Release|Any CPU.Build.0 = Release|Any CPU
		{7550A006-4A06-417A-B8C3-DC77E34C8985}.Debug|Any CPU.ActiveCfg = Debug|Any CPU
		{7550A006-4A06-417A-B8C3-DC77E34C8985}.Debug|Any CPU.Build.0 = Debug|Any CPU
		{7550A006-4A06-417A-B8C3-DC77E34C8985}.Release|Any CPU.ActiveCfg = Release|Any CPU
		{7550A006-4A06-417A-B8C3-DC77E34C8985}.Release|Any CPU.Build.0 = Release|Any CPU
		{86F9429D-FE72-4D95-BEA2-8DDDAA5231F1}.Debug|Any CPU.ActiveCfg = Debug|Any CPU
		{86F9429D-FE72-4D95-BEA2-8DDDAA5231F1}.Debug|Any CPU.Build.0 = Debug|Any CPU
		{86F9429D-FE72-4D95-BEA2-8DDDAA5231F1}.Release|Any CPU.ActiveCfg = Release|Any CPU
		{86F9429D-FE72-4D95-BEA2-8DDDAA5231F1}.Release|Any CPU.Build.0 = Release|Any CPU
		{2994E78B-C0C7-4736-A835-27A4E21F622D}.Debug|Any CPU.ActiveCfg = Debug|Any CPU
		{2994E78B-C0C7-4736-A835-27A4E21F622D}.Debug|Any CPU.Build.0 = Debug|Any CPU
		{2994E78B-C0C7-4736-A835-27A4E21F622D}.Release|Any CPU.ActiveCfg = Release|Any CPU
		{2994E78B-C0C7-4736-A835-27A4E21F622D}.Release|Any CPU.Build.0 = Release|Any CPU
		{FF932288-071C-44A1-A23C-BDE559AE32AE}.Debug|Any CPU.ActiveCfg = Debug|Any CPU
		{FF932288-071C-44A1-A23C-BDE559AE32AE}.Debug|Any CPU.Build.0 = Debug|Any CPU
		{FF932288-071C-44A1-A23C-BDE559AE32AE}.Release|Any CPU.ActiveCfg = Release|Any CPU
		{FF932288-071C-44A1-A23C-BDE559AE32AE}.Release|Any CPU.Build.0 = Release|Any CPU
	EndGlobalSection
	GlobalSection(SolutionProperties) = preSolution
		HideSolutionNode = FALSE
	EndGlobalSection
	GlobalSection(ExtensibilityGlobals) = postSolution
		SolutionGuid = {8739C1E4-D565-408B-B3BC-D5C0C6CA1D90}
	EndGlobalSection
EndGlobal
